
Microsoft Visual Studio Solution File, Format Version 12.00
# Visual Studio Version 17
VisualStudioVersion = 17.9.34728.123
MinimumVisualStudioVersion = 10.0.40219.1
Project("{FAE04EC0-301F-11D3-BF4B-00C04F79EFBC}") = "TinyVPN", "TinyVPN\TinyVPN.csproj", "{511B6980-6FA8-45B2-8A18-A64D476F9079}"
EndProject
Project("{9A19103F-16F7-4668-BE54-9A1E7A4F7556}") = "Pouyan", "..\Pouyan\Pouyan\Pouyan.csproj", "{71841BA8-F525-43FE-8E0D-8F713CAADE5D}"
EndProject
Global
	GlobalSection(SolutionConfigurationPlatforms) = preSolution
		Debug|Any CPU = Debug|Any CPU
		Release|Any CPU = Release|Any CPU
	EndGlobalSection
	GlobalSection(ProjectConfigurationPlatforms) = postSolution
		{511B6980-6FA8-45B2-8A18-A64D476F9079}.Debug|Any CPU.ActiveCfg = Debug|Any CPU
		{511B6980-6FA8-45B2-8A18-A64D476F9079}.Debug|Any CPU.Build.0 = Debug|Any CPU
		{511B6980-6FA8-45B2-8A18-A64D476F9079}.Release|Any CPU.ActiveCfg = Release|Any CPU
		{511B6980-6FA8-45B2-8A18-A64D476F9079}.Release|Any CPU.Build.0 = Release|Any CPU
		{71841BA8-F525-43FE-8E0D-8F713CAADE5D}.Debug|Any CPU.ActiveCfg = Debug|Any CPU
		{71841BA8-F525-43FE-8E0D-8F713CAADE5D}.Debug|Any CPU.Build.0 = Debug|Any CPU
		{71841BA8-F525-43FE-8E0D-8F713CAADE5D}.Release|Any CPU.ActiveCfg = Release|Any CPU
		{71841BA8-F525-43FE-8E0D-8F713CAADE5D}.Release|Any CPU.Build.0 = Release|Any CPU
	EndGlobalSection
	GlobalSection(SolutionProperties) = preSolution
		HideSolutionNode = FALSE
	EndGlobalSection
	GlobalSection(ExtensibilityGlobals) = postSolution
		SolutionGuid = {59578253-52B5-455A-97D6-25753B437D76}
	EndGlobalSection
EndGlobal
